
Microsoft Visual Studio Solution File, Format Version 12.00
# Visual Studio Version 17
VisualStudioVersion = 17.3.32929.385
MinimumVisualStudioVersion = 10.0.40219.1
Project("{FAE04EC0-301F-11D3-BF4B-00C04F79EFBC}") = "IPD", "IPD\IPD.csproj", "{C65AA370-9059-49DD-8951-A5D705D2004D}"
EndProject
Global
	GlobalSection(SolutionConfigurationPlatforms) = preSolution
		Debug|Any CPU = Debug|Any CPU
		Release|Any CPU = Release|Any CPU
	EndGlobalSection
	GlobalSection(ProjectConfigurationPlatforms) = postSolution
		{C65AA370-9059-49DD-8951-A5D705D2004D}.Debug|Any CPU.ActiveCfg = Debug|Any CPU
		{C65AA370-9059-49DD-8951-A5D705D2004D}.Debug|Any CPU.Build.0 = Debug|Any CPU
		{C65AA370-9059-49DD-8951-A5D705D2004D}.Release|Any CPU.ActiveCfg = Release|Any CPU
		{C65AA370-9059-49DD-8951-A5D705D2004D}.Release|Any CPU.Build.0 = Release|Any CPU
	EndGlobalSection
	GlobalSection(SolutionProperties) = preSolution
		HideSolutionNode = FALSE
	EndGlobalSection
	GlobalSection(ExtensibilityGlobals) = postSolution
		SolutionGuid = {B12C00D0-AC44-4BDA-BB7D-8627D53A33FE}
	EndGlobalSection
EndGlobal
